
Microsoft Visual Studio Solution File, Format Version 12.00
# Visual Studio Version 16
VisualStudioVersion = 16.0.31229.75
MinimumVisualStudioVersion = 10.0.40219.1
Project("{FAE04EC0-301F-11D3-BF4B-00C04F79EFBC}") = "Angular JS", "Angular JS\Angular JS.csproj", "{B6C34431-EEDE-476D-9AAD-370DF7FE6311}"
EndProject
Project("{2150E333-8FDC-42A3-9474-1A3956D46DE8}") = "Api", "Api", "{8CC6709A-DBEC-4E97-A8A2-DC371515B82F}"
EndProject
Project("{2150E333-8FDC-42A3-9474-1A3956D46DE8}") = "UI", "UI", "{7EE0E6E3-DE55-4797-BC13-FB36EED58823}"
EndProject
Project("{2150E333-8FDC-42A3-9474-1A3956D46DE8}") = "Tests", "Tests", "{9CB9F8CB-DC2B-45EE-83B1-97F3C5FBD1DA}"
EndProject
Project("{FAE04EC0-301F-11D3-BF4B-00C04F79EFBC}") = "API.Management", "API.Management\API.Management.csproj", "{B9BACF2F-B79D-4D6A-80B1-8ACF85238B36}"
EndProject
Project("{FAE04EC0-301F-11D3-BF4B-00C04F79EFBC}") = "API.Site", "API.Site\API.Site.csproj", "{B2E66FC8-A6C9-49C4-9F64-94A752A73107}"
EndProject
Project("{FAE04EC0-301F-11D3-BF4B-00C04F79EFBC}") = "UI.Management", "UI.Management\UI.Management.csproj", "{E61AB7F9-A5EE-4758-80CE-32A206BA646B}"
EndProject
Project("{FAE04EC0-301F-11D3-BF4B-00C04F79EFBC}") = "UI.Site", "UI.Site\UI.Site.csproj", "{91A3F517-24F8-4CCD-97EB-46DC8A62037D}"
EndProject
Project("{2150E333-8FDC-42A3-9474-1A3956D46DE8}") = "Omni", "Omni", "{67563370-F3E2-4F9C-A73A-493467489073}"
EndProject
Project("{2150E333-8FDC-42A3-9474-1A3956D46DE8}") = "App", "App", "{33028FDF-5473-45C6-9E30-F4486D8ECB17}"
EndProject
Project("{FAE04EC0-301F-11D3-BF4B-00C04F79EFBC}") = "ClassLibrary1", "ClassLibrary1\ClassLibrary1.csproj", "{6A32A59D-DF02-4238-984E-4DBAB3DC1CBD}"
EndProject
Project("{2150E333-8FDC-42A3-9474-1A3956D46DE8}") = "Tests", "Tests", "{17BC4C3C-D5DB-4755-A256-4C58867FC539}"
EndProject
Project("{FAE04EC0-301F-11D3-BF4B-00C04F79EFBC}") = "API", "API\API.csproj", "{D491E70E-806B-4E16-A87D-7DA988AC109D}"
EndProject
Project("{FAE04EC0-301F-11D3-BF4B-00C04F79EFBC}") = "Common", "Common\Common.csproj", "{6FC7459B-F1A8-4EDA-BA29-23147D87C015}"
EndProject
Project("{FAE04EC0-301F-11D3-BF4B-00C04F79EFBC}") = "Data", "Data\Data.csproj", "{E041A651-13B4-4F9E-ABA5-66331E114620}"
EndProject
Project("{FAE04EC0-301F-11D3-BF4B-00C04F79EFBC}") = "Domain", "Domain\Domain.csproj", "{054DDE4A-B732-41BB-A5AA-14CD824C0E43}"
EndProject
Project("{00D1A9C2-B5F0-4AF3-8072-F6C62B433612}") = "DB", "DB\DB.sqlproj", "{A785031A-1D8C-4D25-8B53-FD303FE2120E}"
EndProject
Global
	GlobalSection(SolutionConfigurationPlatforms) = preSolution
		Debug|Any CPU = Debug|Any CPU
		Release|Any CPU = Release|Any CPU
	EndGlobalSection
	GlobalSection(ProjectConfigurationPlatforms) = postSolution
		{B6C34431-EEDE-476D-9AAD-370DF7FE6311}.Debug|Any CPU.ActiveCfg = Debug|Any CPU
		{B6C34431-EEDE-476D-9AAD-370DF7FE6311}.Debug|Any CPU.Build.0 = Debug|Any CPU
		{B6C34431-EEDE-476D-9AAD-370DF7FE6311}.Release|Any CPU.ActiveCfg = Release|Any CPU
		{B6C34431-EEDE-476D-9AAD-370DF7FE6311}.Release|Any CPU.Build.0 = Release|Any CPU
		{B9BACF2F-B79D-4D6A-80B1-8ACF85238B36}.Debug|Any CPU.ActiveCfg = Debug|Any CPU
		{B9BACF2F-B79D-4D6A-80B1-8ACF85238B36}.Debug|Any CPU.Build.0 = Debug|Any CPU
		{B9BACF2F-B79D-4D6A-80B1-8ACF85238B36}.Release|Any CPU.ActiveCfg = Release|Any CPU
		{B9BACF2F-B79D-4D6A-80B1-8ACF85238B36}.Release|Any CPU.Build.0 = Release|Any CPU
		{B2E66FC8-A6C9-49C4-9F64-94A752A73107}.Debug|Any CPU.ActiveCfg = Debug|Any CPU
		{B2E66FC8-A6C9-49C4-9F64-94A752A73107}.Debug|Any CPU.Build.0 = Debug|Any CPU
		{B2E66FC8-A6C9-49C4-9F64-94A752A73107}.Release|Any CPU.ActiveCfg = Release|Any CPU
		{B2E66FC8-A6C9-49C4-9F64-94A752A73107}.Release|Any CPU.Build.0 = Release|Any CPU
		{E61AB7F9-A5EE-4758-80CE-32A206BA646B}.Debug|Any CPU.ActiveCfg = Debug|Any CPU
		{E61AB7F9-A5EE-4758-80CE-32A206BA646B}.Debug|Any CPU.Build.0 = Debug|Any CPU
		{E61AB7F9-A5EE-4758-80CE-32A206BA646B}.Release|Any CPU.ActiveCfg = Release|Any CPU
		{E61AB7F9-A5EE-4758-80CE-32A206BA646B}.Release|Any CPU.Build.0 = Release|Any CPU
		{91A3F517-24F8-4CCD-97EB-46DC8A62037D}.Debug|Any CPU.ActiveCfg = Debug|Any CPU
		{91A3F517-24F8-4CCD-97EB-46DC8A62037D}.Debug|Any CPU.Build.0 = Debug|Any CPU
		{91A3F517-24F8-4CCD-97EB-46DC8A62037D}.Release|Any CPU.ActiveCfg = Release|Any CPU
		{91A3F517-24F8-4CCD-97EB-46DC8A62037D}.Release|Any CPU.Build.0 = Release|Any CPU
		{6A32A59D-DF02-4238-984E-4DBAB3DC1CBD}.Debug|Any CPU.ActiveCfg = Debug|Any CPU
		{6A32A59D-DF02-4238-984E-4DBAB3DC1CBD}.Debug|Any CPU.Build.0 = Debug|Any CPU
		{6A32A59D-DF02-4238-984E-4DBAB3DC1CBD}.Release|Any CPU.ActiveCfg = Release|Any CPU
		{6A32A59D-DF02-4238-984E-4DBAB3DC1CBD}.Release|Any CPU.Build.0 = Release|Any CPU
		{D491E70E-806B-4E16-A87D-7DA988AC109D}.Debug|Any CPU.ActiveCfg = Debug|Any CPU
		{D491E70E-806B-4E16-A87D-7DA988AC109D}.Debug|Any CPU.Build.0 = Debug|Any CPU
		{D491E70E-806B-4E16-A87D-7DA988AC109D}.Release|Any CPU.ActiveCfg = Release|Any CPU
		{D491E70E-806B-4E16-A87D-7DA988AC109D}.Release|Any CPU.Build.0 = Release|Any CPU
		{6FC7459B-F1A8-4EDA-BA29-23147D87C015}.Debug|Any CPU.ActiveCfg = Debug|Any CPU
		{6FC7459B-F1A8-4EDA-BA29-23147D87C015}.Debug|Any CPU.Build.0 = Debug|Any CPU
		{6FC7459B-F1A8-4EDA-BA29-23147D87C015}.Release|Any CPU.ActiveCfg = Release|Any CPU
		{6FC7459B-F1A8-4EDA-BA29-23147D87C015}.Release|Any CPU.Build.0 = Release|Any CPU
		{E041A651-13B4-4F9E-ABA5-66331E114620}.Debug|Any CPU.ActiveCfg = Debug|Any CPU
		{E041A651-13B4-4F9E-ABA5-66331E114620}.Debug|Any CPU.Build.0 = Debug|Any CPU
		{E041A651-13B4-4F9E-ABA5-66331E114620}.Release|Any CPU.ActiveCfg = Release|Any CPU
		{E041A651-13B4-4F9E-ABA5-66331E114620}.Release|Any CPU.Build.0 = Release|Any CPU
		{054DDE4A-B732-41BB-A5AA-14CD824C0E43}.Debug|Any CPU.ActiveCfg = Debug|Any CPU
		{054DDE4A-B732-41BB-A5AA-14CD824C0E43}.Debug|Any CPU.Build.0 = Debug|Any CPU
		{054DDE4A-B732-41BB-A5AA-14CD824C0E43}.Release|Any CPU.ActiveCfg = Release|Any CPU
		{054DDE4A-B732-41BB-A5AA-14CD824C0E43}.Release|Any CPU.Build.0 = Release|Any CPU
		{A785031A-1D8C-4D25-8B53-FD303FE2120E}.Debug|Any CPU.ActiveCfg = Debug|Any CPU
		{A785031A-1D8C-4D25-8B53-FD303FE2120E}.Debug|Any CPU.Build.0 = Debug|Any CPU
		{A785031A-1D8C-4D25-8B53-FD303FE2120E}.Debug|Any CPU.Deploy.0 = Debug|Any CPU
		{A785031A-1D8C-4D25-8B53-FD303FE2120E}.Release|Any CPU.ActiveCfg = Release|Any CPU
		{A785031A-1D8C-4D25-8B53-FD303FE2120E}.Release|Any CPU.Build.0 = Release|Any CPU
		{A785031A-1D8C-4D25-8B53-FD303FE2120E}.Release|Any CPU.Deploy.0 = Release|Any CPU
	EndGlobalSection
	GlobalSection(SolutionProperties) = preSolution
		HideSolutionNode = FALSE
	EndGlobalSection
	GlobalSection(NestedProjects) = preSolution
		{8CC6709A-DBEC-4E97-A8A2-DC371515B82F} = {33028FDF-5473-45C6-9E30-F4486D8ECB17}
		{7EE0E6E3-DE55-4797-BC13-FB36EED58823} = {33028FDF-5473-45C6-9E30-F4486D8ECB17}
		{9CB9F8CB-DC2B-45EE-83B1-97F3C5FBD1DA} = {33028FDF-5473-45C6-9E30-F4486D8ECB17}
		{B9BACF2F-B79D-4D6A-80B1-8ACF85238B36} = {8CC6709A-DBEC-4E97-A8A2-DC371515B82F}
		{B2E66FC8-A6C9-49C4-9F64-94A752A73107} = {8CC6709A-DBEC-4E97-A8A2-DC371515B82F}
		{E61AB7F9-A5EE-4758-80CE-32A206BA646B} = {7EE0E6E3-DE55-4797-BC13-FB36EED58823}
		{91A3F517-24F8-4CCD-97EB-46DC8A62037D} = {7EE0E6E3-DE55-4797-BC13-FB36EED58823}
		{6A32A59D-DF02-4238-984E-4DBAB3DC1CBD} = {8CC6709A-DBEC-4E97-A8A2-DC371515B82F}
		{17BC4C3C-D5DB-4755-A256-4C58867FC539} = {67563370-F3E2-4F9C-A73A-493467489073}
		{D491E70E-806B-4E16-A87D-7DA988AC109D} = {67563370-F3E2-4F9C-A73A-493467489073}
		{6FC7459B-F1A8-4EDA-BA29-23147D87C015} = {67563370-F3E2-4F9C-A73A-493467489073}
		{E041A651-13B4-4F9E-ABA5-66331E114620} = {67563370-F3E2-4F9C-A73A-493467489073}
		{054DDE4A-B732-41BB-A5AA-14CD824C0E43} = {67563370-F3E2-4F9C-A73A-493467489073}
		{A785031A-1D8C-4D25-8B53-FD303FE2120E} = {67563370-F3E2-4F9C-A73A-493467489073}
	EndGlobalSection
	GlobalSection(ExtensibilityGlobals) = postSolution
		SolutionGuid = {11F34C4C-BD4B-407D-A6AA-09058F9F1D5B}
	EndGlobalSection
EndGlobal
